
Microsoft Visual Studio Solution File, Format Version 12.00
# Visual Studio 2013
VisualStudioVersion = 12.0.31101.0
MinimumVisualStudioVersion = 10.0.40219.1
Project("{FAE04EC0-301F-11D3-BF4B-00C04F79EFBC}") = "ConsoleScenario", "ConsoleScenario\ConsoleScenario.csproj", "{D6C028A4-0F97-44CD-8B90-03E516E88C53}"
EndProject
Project("{FAE04EC0-301F-11D3-BF4B-00C04F79EFBC}") = "ConsoleScenario.Tests", "ConsoleScenario.Tests\ConsoleScenario.Tests.csproj", "{9AF67CB3-A6DB-4D17-87A2-66CF93561B22}"
EndProject
Project("{FAE04EC0-301F-11D3-BF4B-00C04F79EFBC}") = "ConsoleScenario.TestApp", "ConsoleScenario.TestApp\ConsoleScenario.TestApp.csproj", "{B839009F-88F9-4A3B-B3E6-D0822F0D03BE}"
EndProject
Global
	GlobalSection(SolutionConfigurationPlatforms) = preSolution
		Debug|Any CPU = Debug|Any CPU
		Release|Any CPU = Release|Any CPU
	EndGlobalSection
	GlobalSection(ProjectConfigurationPlatforms) = postSolution
		{D6C028A4-0F97-44CD-8B90-03E516E88C53}.Debug|Any CPU.ActiveCfg = Debug|Any CPU
		{D6C028A4-0F97-44CD-8B90-03E516E88C53}.Debug|Any CPU.Build.0 = Debug|Any CPU
		{D6C028A4-0F97-44CD-8B90-03E516E88C53}.Release|Any CPU.ActiveCfg = Release|Any CPU
		{D6C028A4-0F97-44CD-8B90-03E516E88C53}.Release|Any CPU.Build.0 = Release|Any CPU
		{9AF67CB3-A6DB-4D17-87A2-66CF93561B22}.Debug|Any CPU.ActiveCfg = Debug|Any CPU
		{9AF67CB3-A6DB-4D17-87A2-66CF93561B22}.Debug|Any CPU.Build.0 = Debug|Any CPU
		{9AF67CB3-A6DB-4D17-87A2-66CF93561B22}.Release|Any CPU.ActiveCfg = Release|Any CPU
		{9AF67CB3-A6DB-4D17-87A2-66CF93561B22}.Release|Any CPU.Build.0 = Release|Any CPU
		{B839009F-88F9-4A3B-B3E6-D0822F0D03BE}.Debug|Any CPU.ActiveCfg = Debug|Any CPU
		{B839009F-88F9-4A3B-B3E6-D0822F0D03BE}.Debug|Any CPU.Build.0 = Debug|Any CPU
		{B839009F-88F9-4A3B-B3E6-D0822F0D03BE}.Release|Any CPU.ActiveCfg = Release|Any CPU
		{B839009F-88F9-4A3B-B3E6-D0822F0D03BE}.Release|Any CPU.Build.0 = Release|Any CPU
	EndGlobalSection
	GlobalSection(SolutionProperties) = preSolution
		HideSolutionNode = FALSE
	EndGlobalSection
EndGlobal
